
Microsoft Visual Studio Solution File, Format Version 12.00
# Visual Studio Version 17
VisualStudioVersion = 17.6.33815.320
MinimumVisualStudioVersion = 10.0.40219.1
Project("{FAE04EC0-301F-11D3-BF4B-00C04F79EFBC}") = "ParolaveMailDogruluk", "ParolaveMailDogruluk\ParolaveMailDogruluk.csproj", "{6F5E67C5-8F4E-42FE-92FE-87D2F1CC16BB}"
EndProject
Global
	GlobalSection(SolutionConfigurationPlatforms) = preSolution
		Debug|Any CPU = Debug|Any CPU
		Release|Any CPU = Release|Any CPU
	EndGlobalSection
	GlobalSection(ProjectConfigurationPlatforms) = postSolution
		{6F5E67C5-8F4E-42FE-92FE-87D2F1CC16BB}.Debug|Any CPU.ActiveCfg = Debug|Any CPU
		{6F5E67C5-8F4E-42FE-92FE-87D2F1CC16BB}.Debug|Any CPU.Build.0 = Debug|Any CPU
		{6F5E67C5-8F4E-42FE-92FE-87D2F1CC16BB}.Release|Any CPU.ActiveCfg = Release|Any CPU
		{6F5E67C5-8F4E-42FE-92FE-87D2F1CC16BB}.Release|Any CPU.Build.0 = Release|Any CPU
	EndGlobalSection
	GlobalSection(SolutionProperties) = preSolution
		HideSolutionNode = FALSE
	EndGlobalSection
	GlobalSection(ExtensibilityGlobals) = postSolution
		SolutionGuid = {74C91FEC-6A13-4F30-A174-66D602F42812}
	EndGlobalSection
EndGlobal
